# Generated by pub
# See http://pub.dartlang.org/doc/glossary.html#lockfile
packages:
  args:
    description: args
    source: hosted
    version: "0.10.0"
  collection:
    description: collection
    source: hosted
    version: "1.1.0"
  collection_helpers:
    description: collection_helpers
    source: hosted
    version: "0.9.1"
  crypto:
    description: crypto
    source: hosted
    version: "0.9.0"
  discovery_api_client_generator:
    description:
      ref: b0691c099d4c5a74aa049ee82b3bfc987ee1e28e
      resolved-ref: b0691c099d4c5a74aa049ee82b3bfc987ee1e28e
      url: "https://github.com/dart-lang/discovery_api_dart_client_generator"
    source: git
    version: "0.5.1-dev"
  http:
    description: http
    source: hosted
    version: "0.11.1+1"
  http_parser:
    description: http_parser
    source: hosted
    version: "0.0.2+5"
  path:
    description: path
    source: hosted
    version: "1.3.1"
  source_span:
    description: source_span
    source: hosted
    version: "1.0.2"
  stack_trace:
    description: stack_trace
    source: hosted
    version: "1.1.1"
  string_scanner:
    description: string_scanner
    source: hosted
    version: "0.1.3"
  yaml:
    description: yaml
    source: hosted
    version: "2.1.2"
