# Generated by pub
# See http://pub.dartlang.org/doc/glossary.html#lockfile
packages:
  args:
    description: args
    source: hosted
    version: "0.13.2"
  charcode:
    description: charcode
    source: hosted
    version: "1.1.0"
  collection:
    description: collection
    source: hosted
    version: "1.1.2"
  crypto:
    description: crypto
    source: hosted
    version: "0.9.0"
  discoveryapis_generator:
    description: discoveryapis_generator
    source: hosted
    version: "0.7.2"
  http:
    description: http
    source: hosted
    version: "0.11.3+2"
  http_parser:
    description: http_parser
    source: hosted
    version: "1.0.0"
  path:
    description: path
    source: hosted
    version: "1.3.6"
  source_span:
    description: source_span
    source: hosted
    version: "1.2.0"
  stack_trace:
    description: stack_trace
    source: hosted
    version: "1.4.2"
  string_scanner:
    description: string_scanner
    source: hosted
    version: "0.1.4"
  yaml:
    description: yaml
    source: hosted
    version: "2.1.5"
